{
  "version": 4,
  "terraform_version": "0.14.5",
  "serial": 13,
  "lineage": "fef21cfb-dbc8-72f9-ce96-16644a4c4ce1",
  "outputs": {},
  "resources": [
    {
      "mode": "managed",
      "type": "aws_s3_bucket",
      "name": "bucket",
      "provider": "provider[\"registry.terraform.io/hashicorp/aws\"]",
      "instances": [
        {
          "schema_version": 0,
          "attributes": {
            "acceleration_status": "",
            "acl": "private",
            "arn": "arn:aws:s3:::anogues-terraform",
            "bucket": "anogues-terraform",
            "bucket_domain_name": "anogues-terraform.s3.amazonaws.com",
            "bucket_prefix": null,
            "bucket_regional_domain_name": "anogues-terraform.s3.eu-west-1.amazonaws.com",
            "cors_rule": [],
            "force_destroy": false,
            "grant": [],
            "hosted_zone_id": "Z1BKCTXD74EZPE",
            "id": "anogues-terraform",
            "lifecycle_rule": [],
            "logging": [],
            "object_lock_configuration": [],
            "policy": null,
            "region": "eu-west-1",
            "replication_configuration": [],
            "request_payer": "BucketOwner",
            "server_side_encryption_configuration": [],
            "tags": {
              "Name": "Terraform"
            },
            "versioning": [
              {
                "enabled": false,
                "mfa_delete": false
              }
            ],
            "website": [],
            "website_domain": null,
            "website_endpoint": null
          },
          "sensitive_attributes": [],
          "private": "bnVsbA=="
        }
      ]
    },
    {
      "module": "module.users[\"user-new-00\"]",
      "mode": "managed",
      "type": "aws_iam_user",
      "name": "user",
      "provider": "provider[\"registry.terraform.io/hashicorp/aws\"]",
      "instances": [
        {
          "schema_version": 0,
          "attributes": {
            "arn": "arn:aws:iam::742123541312:user/user-new-00-terraform",
            "force_destroy": false,
            "id": "user-new-00-terraform",
            "name": "user-new-00-terraform",
            "path": "/",
            "permissions_boundary": null,
            "tags": {
              "managed-by": "manning-terraform-upd-tag"
            },
            "unique_id": "AIDA2ZSQCSNAB27JBI5RH"
          },
          "sensitive_attributes": [],
          "private": "bnVsbA=="
        }
      ]
    },
    {
      "module": "module.users[\"user-new-01\"]",
      "mode": "managed",
      "type": "aws_iam_user",
      "name": "user",
      "provider": "provider[\"registry.terraform.io/hashicorp/aws\"]",
      "instances": [
        {
          "schema_version": 0,
          "attributes": {
            "arn": "arn:aws:iam::742123541312:user/user-new-01-terraform",
            "force_destroy": false,
            "id": "user-new-01-terraform",
            "name": "user-new-01-terraform",
            "path": "/",
            "permissions_boundary": null,
            "tags": {
              "managed-by": "manning-terraform-upd-tag"
            },
            "unique_id": "AIDA2ZSQCSNAF33ASRBEA"
          },
          "sensitive_attributes": [],
          "private": "bnVsbA=="
        }
      ]
    },
    {
      "module": "module.users[\"user-new-02\"]",
      "mode": "managed",
      "type": "aws_iam_user",
      "name": "user",
      "provider": "provider[\"registry.terraform.io/hashicorp/aws\"]",
      "instances": [
        {
          "schema_version": 0,
          "attributes": {
            "arn": "arn:aws:iam::742123541312:user/user-new-02-terraform",
            "force_destroy": false,
            "id": "user-new-02-terraform",
            "name": "user-new-02-terraform",
            "path": "/",
            "permissions_boundary": null,
            "tags": {
              "managed-by": "manning-terraform-upd-tag"
            },
            "unique_id": "AIDA2ZSQCSNALEQ7K6TJP"
          },
          "sensitive_attributes": [],
          "private": "bnVsbA=="
        }
      ]
    },
    {
      "module": "module.users[\"user-new-03\"]",
      "mode": "managed",
      "type": "aws_iam_user",
      "name": "user",
      "provider": "provider[\"registry.terraform.io/hashicorp/aws\"]",
      "instances": [
        {
          "schema_version": 0,
          "attributes": {
            "arn": "arn:aws:iam::742123541312:user/user-new-03-terraform",
            "force_destroy": false,
            "id": "user-new-03-terraform",
            "name": "user-new-03-terraform",
            "path": "/",
            "permissions_boundary": null,
            "tags": {
              "managed-by": "manning-terraform-upd-tag"
            },
            "unique_id": "AIDA2ZSQCSNAEYTJQNHXU"
          },
          "sensitive_attributes": [],
          "private": "bnVsbA=="
        }
      ]
    },
    {
      "module": "module.users[\"user-new-04\"]",
      "mode": "managed",
      "type": "aws_iam_user",
      "name": "user",
      "provider": "provider[\"registry.terraform.io/hashicorp/aws\"]",
      "instances": [
        {
          "schema_version": 0,
          "attributes": {
            "arn": "arn:aws:iam::742123541312:user/user-new-04-terraform",
            "force_destroy": false,
            "id": "user-new-04-terraform",
            "name": "user-new-04-terraform",
            "path": "/",
            "permissions_boundary": null,
            "tags": {
              "managed-by": "manning-terraform-upd-tag"
            },
            "unique_id": "AIDA2ZSQCSNAPVTVOR4E3"
          },
          "sensitive_attributes": [],
          "private": "bnVsbA=="
        }
      ]
    },
    {
      "module": "module.users[\"user-new-05\"]",
      "mode": "managed",
      "type": "aws_iam_user",
      "name": "user",
      "provider": "provider[\"registry.terraform.io/hashicorp/aws\"]",
      "instances": [
        {
          "schema_version": 0,
          "attributes": {
            "arn": "arn:aws:iam::742123541312:user/user-new-05-terraform",
            "force_destroy": false,
            "id": "user-new-05-terraform",
            "name": "user-new-05-terraform",
            "path": "/",
            "permissions_boundary": null,
            "tags": {
              "managed-by": "manning-terraform-upd-tag"
            },
            "unique_id": "AIDA2ZSQCSNAMJXESD6VS"
          },
          "sensitive_attributes": [],
          "private": "bnVsbA=="
        }
      ]
    },
    {
      "module": "module.users[\"user-new-06\"]",
      "mode": "managed",
      "type": "aws_iam_user",
      "name": "user",
      "provider": "provider[\"registry.terraform.io/hashicorp/aws\"]",
      "instances": [
        {
          "schema_version": 0,
          "attributes": {
            "arn": "arn:aws:iam::742123541312:user/user-new-06-terraform",
            "force_destroy": false,
            "id": "user-new-06-terraform",
            "name": "user-new-06-terraform",
            "path": "/",
            "permissions_boundary": null,
            "tags": {
              "managed-by": "manning-terraform-upd-tag"
            },
            "unique_id": "AIDA2ZSQCSNALHJRWPCS4"
          },
          "sensitive_attributes": [],
          "private": "bnVsbA=="
        }
      ]
    },
    {
      "module": "module.users[\"user-new-07\"]",
      "mode": "managed",
      "type": "aws_iam_user",
      "name": "user",
      "provider": "provider[\"registry.terraform.io/hashicorp/aws\"]",
      "instances": [
        {
          "schema_version": 0,
          "attributes": {
            "arn": "arn:aws:iam::742123541312:user/user-new-07-terraform",
            "force_destroy": false,
            "id": "user-new-07-terraform",
            "name": "user-new-07-terraform",
            "path": "/",
            "permissions_boundary": null,
            "tags": {
              "managed-by": "manning-terraform-upd-tag"
            },
            "unique_id": "AIDA2ZSQCSNAPAIQZ64CM"
          },
          "sensitive_attributes": [],
          "private": "bnVsbA=="
        }
      ]
    },
    {
      "module": "module.users[\"user-new-08\"]",
      "mode": "managed",
      "type": "aws_iam_user",
      "name": "user",
      "provider": "provider[\"registry.terraform.io/hashicorp/aws\"]",
      "instances": [
        {
          "schema_version": 0,
          "attributes": {
            "arn": "arn:aws:iam::742123541312:user/user-new-08-terraform",
            "force_destroy": false,
            "id": "user-new-08-terraform",
            "name": "user-new-08-terraform",
            "path": "/",
            "permissions_boundary": null,
            "tags": {
              "managed-by": "manning-terraform-upd-tag"
            },
            "unique_id": "AIDA2ZSQCSNANYUGCOIEH"
          },
          "sensitive_attributes": [],
          "private": "bnVsbA=="
        }
      ]
    },
    {
      "module": "module.users[\"user-new-09\"]",
      "mode": "managed",
      "type": "aws_iam_user",
      "name": "user",
      "provider": "provider[\"registry.terraform.io/hashicorp/aws\"]",
      "instances": [
        {
          "schema_version": 0,
          "attributes": {
            "arn": "arn:aws:iam::742123541312:user/user-new-09-terraform",
            "force_destroy": false,
            "id": "user-new-09-terraform",
            "name": "user-new-09-terraform",
            "path": "/",
            "permissions_boundary": null,
            "tags": {
              "managed-by": "manning-terraform-upd-tag"
            },
            "unique_id": "AIDA2ZSQCSNADG2K3SCG4"
          },
          "sensitive_attributes": [],
          "private": "bnVsbA=="
        }
      ]
    }
  ]
}
